Microsoft Visual Studio Solution File, Format Version 12.00
# Visual Studio Version 17
VisualStudioVersion = 17.0.31903.59
MinimumVisualStudioVersion = 10.0.40219.1
Project("{2150E333-8FDC-42A3-9474-1A3956D46DE8}") = "Solution Items", "Solution Items", "{E5E5E5E5-5555-4555-8555-555555555555}"
	ProjectSection(SolutionItems) = preProject
		.editorconfig = .editorconfig
		Directory.Build.props = Directory.Build.props
		global.json = global.json
		README.md = README.md
		docs\architecture.md = docs\architecture.md
	EndProjectSection
EndProject
Project("{FAE04EC0-301F-11D3-BF4B-00C04F79EFBC}") = "OpenPrintDeploy.Shared", "src\OpenPrintDeploy.Shared\OpenPrintDeploy.Shared.csproj", "{A1A1A1A1-1111-4111-8111-111111111111}"
EndProject
Project("{FAE04EC0-301F-11D3-BF4B-00C04F79EFBC}") = "OpenPrintDeploy.Server", "src\OpenPrintDeploy.Server\OpenPrintDeploy.Server.csproj", "{B2B2B2B2-2222-4222-8222-222222222222}"
EndProject
Project("{FAE04EC0-301F-11D3-BF4B-00C04F79EFBC}") = "OpenPrintDeploy.Client.Tray", "src\OpenPrintDeploy.Client.Tray\OpenPrintDeploy.Client.Tray.csproj", "{D4D4D4D4-4444-4444-8444-444444444444}"
EndProject
Project("{2150E333-8FDC-42A3-9474-1A3956D46DE8}") = "tests", "tests", "{EDE58243-3E6F-46BE-9EAE-A4E34EDE8AFB}"
EndProject
Project("{FAE04EC0-301F-11D3-BF4B-00C04F79EFBC}") = "OpenPrintDeploy.Server.Tests", "tests\OpenPrintDeploy.Server.Tests\OpenPrintDeploy.Server.Tests.csproj", "{96920693-BCFA-4624-B647-61943795F2C2}"
EndProject
Project("{2150E333-8FDC-42A3-9474-1A3956D46DE8}") = "src", "src", "{974D49BB-8C78-4CD8-A6FE-4F8B768FF19F}"
EndProject
Project("{FAE04EC0-301F-11D3-BF4B-00C04F79EFBC}") = "OpenPrintDeploy.Client.Core", "src\OpenPrintDeploy.Client.Core\OpenPrintDeploy.Client.Core.csproj", "{2D7A0791-C2B3-4949-9926-4DE7B1362468}"
EndProject
Project("{2150E333-8FDC-42A3-9474-1A3956D46DE8}") = "installer", "installer", "{A05B88A5-D1CF-4440-A8A6-94D235FD5892}"
EndProject
Project("{FAE04EC0-301F-11D3-BF4B-00C04F79EFBC}") = "OpenPrintDeploy.Client.Cleanup", "installer\OpenPrintDeploy.Client.Cleanup\OpenPrintDeploy.Client.Cleanup.csproj", "{62569D35-D0F2-4277-8AE6-C63ED8591079}"
EndProject
Global
	GlobalSection(SolutionConfigurationPlatforms) = preSolution
		Debug|Any CPU = Debug|Any CPU
		Release|Any CPU = Release|Any CPU
	EndGlobalSection
	GlobalSection(ProjectConfigurationPlatforms) = postSolution
		{A1A1A1A1-1111-4111-8111-111111111111}.Debug|Any CPU.ActiveCfg = Debug|Any CPU
		{A1A1A1A1-1111-4111-8111-111111111111}.Debug|Any CPU.Build.0 = Debug|Any CPU
		{A1A1A1A1-1111-4111-8111-111111111111}.Release|Any CPU.ActiveCfg = Release|Any CPU
		{A1A1A1A1-1111-4111-8111-111111111111}.Release|Any CPU.Build.0 = Release|Any CPU
		{B2B2B2B2-2222-4222-8222-222222222222}.Debug|Any CPU.ActiveCfg = Debug|Any CPU
		{B2B2B2B2-2222-4222-8222-222222222222}.Debug|Any CPU.Build.0 = Debug|Any CPU
		{B2B2B2B2-2222-4222-8222-222222222222}.Release|Any CPU.ActiveCfg = Release|Any CPU
		{B2B2B2B2-2222-4222-8222-222222222222}.Release|Any CPU.Build.0 = Release|Any CPU
		{D4D4D4D4-4444-4444-8444-444444444444}.Debug|Any CPU.ActiveCfg = Debug|Any CPU
		{D4D4D4D4-4444-4444-8444-444444444444}.Debug|Any CPU.Build.0 = Debug|Any CPU
		{D4D4D4D4-4444-4444-8444-444444444444}.Release|Any CPU.ActiveCfg = Release|Any CPU
		{D4D4D4D4-4444-4444-8444-444444444444}.Release|Any CPU.Build.0 = Release|Any CPU
		{96920693-BCFA-4624-B647-61943795F2C2}.Debug|Any CPU.ActiveCfg = Debug|Any CPU
		{96920693-BCFA-4624-B647-61943795F2C2}.Debug|Any CPU.Build.0 = Debug|Any CPU
		{96920693-BCFA-4624-B647-61943795F2C2}.Release|Any CPU.ActiveCfg = Release|Any CPU
		{96920693-BCFA-4624-B647-61943795F2C2}.Release|Any CPU.Build.0 = Release|Any CPU
		{2D7A0791-C2B3-4949-9926-4DE7B1362468}.Debug|Any CPU.ActiveCfg = Debug|Any CPU
		{2D7A0791-C2B3-4949-9926-4DE7B1362468}.Debug|Any CPU.Build.0 = Debug|Any CPU
		{2D7A0791-C2B3-4949-9926-4DE7B1362468}.Release|Any CPU.ActiveCfg = Release|Any CPU
		{2D7A0791-C2B3-4949-9926-4DE7B1362468}.Release|Any CPU.Build.0 = Release|Any CPU
		{62569D35-D0F2-4277-8AE6-C63ED8591079}.Debug|Any CPU.ActiveCfg = Debug|Any CPU
		{62569D35-D0F2-4277-8AE6-C63ED8591079}.Debug|Any CPU.Build.0 = Debug|Any CPU
		{62569D35-D0F2-4277-8AE6-C63ED8591079}.Release|Any CPU.ActiveCfg = Release|Any CPU
		{62569D35-D0F2-4277-8AE6-C63ED8591079}.Release|Any CPU.Build.0 = Release|Any CPU
	EndGlobalSection
	GlobalSection(SolutionProperties) = preSolution
		HideSolutionNode = FALSE
	EndGlobalSection
	GlobalSection(NestedProjects) = preSolution
		{96920693-BCFA-4624-B647-61943795F2C2} = {EDE58243-3E6F-46BE-9EAE-A4E34EDE8AFB}
		{2D7A0791-C2B3-4949-9926-4DE7B1362468} = {974D49BB-8C78-4CD8-A6FE-4F8B768FF19F}
		{62569D35-D0F2-4277-8AE6-C63ED8591079} = {A05B88A5-D1CF-4440-A8A6-94D235FD5892}
	EndGlobalSection
EndGlobal
